Microsoft Visual Studio Solution File, Format Version 12.00
# Visual Studio Version 17
VisualStudioVersion = 17.5.2.0
MinimumVisualStudioVersion = 10.0.40219.1
Project("{FAE04EC0-301F-11D3-BF4B-00C04F79EFBC}") = "TuplasCSharp", "TuplasCSharp.csproj", "{B29DB992-5E54-463D-678D-99A15498F07C}"
EndProject
Global
	GlobalSection(SolutionConfigurationPlatforms) = preSolution
		Debug|Any CPU = Debug|Any CPU
		Release|Any CPU = Release|Any CPU
	EndGlobalSection
	GlobalSection(ProjectConfigurationPlatforms) = postSolution
		{B29DB992-5E54-463D-678D-99A15498F07C}.Debug|Any CPU.ActiveCfg = Debug|Any CPU
		{B29DB992-5E54-463D-678D-99A15498F07C}.Debug|Any CPU.Build.0 = Debug|Any CPU
		{B29DB992-5E54-463D-678D-99A15498F07C}.Release|Any CPU.ActiveCfg = Release|Any CPU
		{B29DB992-5E54-463D-678D-99A15498F07C}.Release|Any CPU.Build.0 = Release|Any CPU
	EndGlobalSection
	GlobalSection(SolutionProperties) = preSolution
		HideSolutionNode = FALSE
	EndGlobalSection
	GlobalSection(ExtensibilityGlobals) = postSolution
		SolutionGuid = {7724E4C1-5D47-4951-B863-4BBFCCD5C870}
	EndGlobalSection
EndGlobal
